
Microsoft Visual Studio Solution File, Format Version 12.00
# Visual Studio Version 17
VisualStudioVersion = 17.9.34622.214
MinimumVisualStudioVersion = 10.0.40219.1
Project("{FAE04EC0-301F-11D3-BF4B-00C04F79EFBC}") = "Курсовая", "Курсовая.csproj", "{1CB5F6BB-8A3D-4367-B795-D5F93F1C501A}"
EndProject
Global
	GlobalSection(SolutionConfigurationPlatforms) = preSolution
		Debug|Any CPU = Debug|Any CPU
		Release|Any CPU = Release|Any CPU
	EndGlobalSection
	GlobalSection(ProjectConfigurationPlatforms) = postSolution
		{1CB5F6BB-8A3D-4367-B795-D5F93F1C501A}.Debug|Any CPU.ActiveCfg = Debug|Any CPU
		{1CB5F6BB-8A3D-4367-B795-D5F93F1C501A}.Debug|Any CPU.Build.0 = Debug|Any CPU
		{1CB5F6BB-8A3D-4367-B795-D5F93F1C501A}.Release|Any CPU.ActiveCfg = Release|Any CPU
		{1CB5F6BB-8A3D-4367-B795-D5F93F1C501A}.Release|Any CPU.Build.0 = Release|Any CPU
	EndGlobalSection
	GlobalSection(SolutionProperties) = preSolution
		HideSolutionNode = FALSE
	EndGlobalSection
	GlobalSection(ExtensibilityGlobals) = postSolution
		SolutionGuid = {010518D9-3CB5-4AEB-9320-FF6B66FA1E5F}
	EndGlobalSection
EndGlobal
